
Microsoft Visual Studio Solution File, Format Version 12.00
# Visual Studio Version 16
VisualStudioVersion = 16.0.29709.97
MinimumVisualStudioVersion = 10.0.40219.1
Project("{FAE04EC0-301F-11D3-BF4B-00C04F79EFBC}") = "Autori", "Autori\Autori.csproj", "{1B5E1028-456B-4D7B-9A39-3EF22678EE01}"
EndProject
Global
	GlobalSection(SolutionConfigurationPlatforms) = preSolution
		Debug|Any CPU = Debug|Any CPU
		Release|Any CPU = Release|Any CPU
	EndGlobalSection
	GlobalSection(ProjectConfigurationPlatforms) = postSolution
		{1B5E1028-456B-4D7B-9A39-3EF22678EE01}.Debug|Any CPU.ActiveCfg = Debug|Any CPU
		{1B5E1028-456B-4D7B-9A39-3EF22678EE01}.Debug|Any CPU.Build.0 = Debug|Any CPU
		{1B5E1028-456B-4D7B-9A39-3EF22678EE01}.Release|Any CPU.ActiveCfg = Release|Any CPU
		{1B5E1028-456B-4D7B-9A39-3EF22678EE01}.Release|Any CPU.Build.0 = Release|Any CPU
	EndGlobalSection
	GlobalSection(SolutionProperties) = preSolution
		HideSolutionNode = FALSE
	EndGlobalSection
	GlobalSection(ExtensibilityGlobals) = postSolution
		SolutionGuid = {1F70FADA-8047-40C3-A58F-FAE9278003A8}
	EndGlobalSection
EndGlobal
